
Microsoft Visual Studio Solution File, Format Version 12.00
# Visual Studio Version 17
VisualStudioVersion = 17.7.34202.233
MinimumVisualStudioVersion = 10.0.40219.1
Project("{FAE04EC0-301F-11D3-BF4B-00C04F79EFBC}") = "Practica 1, Unidad 4", "Practica 1, Unidad 4.csproj", "{C6F0905D-7458-4F8B-9B91-163485BEA6A5}"
EndProject
Global
	GlobalSection(SolutionConfigurationPlatforms) = preSolution
		Debug|Any CPU = Debug|Any CPU
		Release|Any CPU = Release|Any CPU
	EndGlobalSection
	GlobalSection(ProjectConfigurationPlatforms) = postSolution
		{C6F0905D-7458-4F8B-9B91-163485BEA6A5}.Debug|Any CPU.ActiveCfg = Debug|Any CPU
		{C6F0905D-7458-4F8B-9B91-163485BEA6A5}.Debug|Any CPU.Build.0 = Debug|Any CPU
		{C6F0905D-7458-4F8B-9B91-163485BEA6A5}.Release|Any CPU.ActiveCfg = Release|Any CPU
		{C6F0905D-7458-4F8B-9B91-163485BEA6A5}.Release|Any CPU.Build.0 = Release|Any CPU
	EndGlobalSection
	GlobalSection(SolutionProperties) = preSolution
		HideSolutionNode = FALSE
	EndGlobalSection
	GlobalSection(ExtensibilityGlobals) = postSolution
		SolutionGuid = {7F42B01F-CD76-4A62-9CE3-BA871362A356}
	EndGlobalSection
EndGlobal
